// !$*UTF8*$!
{
	archiveVersion = 1;
	classes = {
	};
	objectVersion = 56;
	objects = {

/* Begin PBXBuildFile section */
		F221D6332BAB4B1D0085975C /* ToDoCloudKitApp.swift in Sources */ = {isa = PBXBuildFile; fileRef = F221D6322BAB4B1D0085975C /* ToDoCloudKitApp.swift */; };
		F221D6372BAB4B1E0085975C /* Assets.xcassets in Resources */ = {isa = PBXBuildFile; fileRef = F221D6362BAB4B1E0085975C /* Assets.xcassets */; };
		F221D63A2BAB4B1E0085975C /* Preview Assets.xcassets in Resources */ = {isa = PBXBuildFile; fileRef = F221D6392BAB4B1E0085975C /* Preview Assets.xcassets */; };
		F221D6432BAB4DCF0085975C /* TaskItem.swift in Sources */ = {isa = PBXBuildFile; fileRef = F221D6422BAB4DCF0085975C /* TaskItem.swift */; };
		F221D6462BAB562A0085975C /* TodoListScreen.swift in Sources */ = {isa = PBXBuildFile; fileRef = F221D6452BAB562A0085975C /* TodoListScreen.swift */; };
		F221D6482BAB5A290085975C /* Model.swift in Sources */ = {isa = PBXBuildFile; fileRef = F221D6472BAB5A290085975C /* Model.swift */; };
		F2508A2C2BCC9CED009B23FC /* TaskItemView.swift in Sources */ = {isa = PBXBuildFile; fileRef = F2508A2B2BCC9CED009B23FC /* TaskItemView.swift */; };
		F2BC1AE72BBDE25500642B9B /* TaskListView.swift in Sources */ = {isa = PBXBuildFile; fileRef = F2BC1AE62BBDE25500642B9B /* TaskListView.swift */; };
/* End PBXBuildFile section */

/* Begin PBXFileReference section */
		F221D62F2BAB4B1D0085975C /* ToDo App CloudKit.app */ = {isa = PBXFileReference; explicitFileType = wrapper.application; includeInIndex = 0; path = "ToDo App CloudKit.app"; sourceTree = BUILT_PRODUCTS_DIR; };
		F221D6322BAB4B1D0085975C /* ToDoCloudKitApp.swift */ = {isa = PBXFileReference; lastKnownFileType = sourcecode.swift; path = ToDoCloudKitApp.swift; sourceTree = "<group>"; };
		F221D6362BAB4B1E0085975C /* Assets.xcassets */ = {isa = PBXFileReference; lastKnownFileType = folder.assetcatalog; path = Assets.xcassets; sourceTree = "<group>"; };
		F221D6392BAB4B1E0085975C /* Preview Assets.xcassets */ = {isa = PBXFileReference; lastKnownFileType = folder.assetcatalog; path = "Preview Assets.xcassets"; sourceTree = "<group>"; };
		F221D6402BAB4B720085975C /* ToDo App CloudKit.entitlements */ = {isa = PBXFileReference; lastKnownFileType = text.plist.entitlements; path = "ToDo App CloudKit.entitlements"; sourceTree = "<group>"; };
		F221D6422BAB4DCF0085975C /* TaskItem.swift */ = {isa = PBXFileReference; lastKnownFileType = sourcecode.swift; path = TaskItem.swift; sourceTree = "<group>"; };
		F221D6452BAB562A0085975C /* TodoListScreen.swift */ = {isa = PBXFileReference; lastKnownFileType = sourcecode.swift; path = TodoListScreen.swift; sourceTree = "<group>"; };
		F221D6472BAB5A290085975C /* Model.swift */ = {isa = PBXFileReference; lastKnownFileType = sourcecode.swift; path = Model.swift; sourceTree = "<group>"; };
		F2508A2B2BCC9CED009B23FC /* TaskItemView.swift */ = {isa = PBXFileReference; lastKnownFileType = sourcecode.swift; path = TaskItemView.swift; sourceTree = "<group>"; };
		F2BC1AE62BBDE25500642B9B /* TaskListView.swift */ = {isa = PBXFileReference; lastKnownFileType = sourcecode.swift; path = TaskListView.swift; sourceTree = "<group>"; };
/* End PBXFileReference section */

/* Begin PBXFrameworksBuildPhase section */
		F221D62C2BAB4B1D0085975C /* Frameworks */ = {
			isa = PBXFrameworksBuildPhase;
			buildActionMask = 2147483647;
			files = (
			);
			runOnlyForDeploymentPostprocessing = 0;
		};
/* End PBXFrameworksBuildPhase section */

/* Begin PBXGroup section */
		F221D6262BAB4B1D0085975C = {
			isa = PBXGroup;
			children = (
				F221D6312BAB4B1D0085975C /* ToDo App CloudKit */,
				F221D6302BAB4B1D0085975C /* Products */,
			);
			sourceTree = "<group>";
		};
		F221D6302BAB4B1D0085975C /* Products */ = {
			isa = PBXGroup;
			children = (
				F221D62F2BAB4B1D0085975C /* ToDo App CloudKit.app */,
			);
			name = Products;
			sourceTree = "<group>";
		};
		F221D6312BAB4B1D0085975C /* ToDo App CloudKit */ = {
			isa = PBXGroup;
			children = (
				F221D6442BAB55AB0085975C /* Views */,
				F221D6412BAB4DBF0085975C /* Models */,
				F221D6402BAB4B720085975C /* ToDo App CloudKit.entitlements */,
				F221D6322BAB4B1D0085975C /* ToDoCloudKitApp.swift */,
				F221D6362BAB4B1E0085975C /* Assets.xcassets */,
				F221D6382BAB4B1E0085975C /* Preview Content */,
			);
			path = "ToDo App CloudKit";
			sourceTree = "<group>";
		};
		F221D6382BAB4B1E0085975C /* Preview Content */ = {
			isa = PBXGroup;
			children = (
				F221D6392BAB4B1E0085975C /* Preview Assets.xcassets */,
			);
			path = "Preview Content";
			sourceTree = "<group>";
		};
		F221D6412BAB4DBF0085975C /* Models */ = {
			isa = PBXGroup;
			children = (
				F221D6422BAB4DCF0085975C /* TaskItem.swift */,
				F221D6472BAB5A290085975C /* Model.swift */,
			);
			path = Models;
			sourceTree = "<group>";
		};
		F221D6442BAB55AB0085975C /* Views */ = {
			isa = PBXGroup;
			children = (
				F221D6452BAB562A0085975C /* TodoListScreen.swift */,
				F2BC1AE62BBDE25500642B9B /* TaskListView.swift */,
				F2508A2B2BCC9CED009B23FC /* TaskItemView.swift */,
			);
			path = Views;
			sourceTree = "<group>";
		};
/* End PBXGroup section */

/* Begin PBXNativeTarget section */
		F221D62E2BAB4B1D0085975C /* ToDo App CloudKit */ = {
			isa = PBXNativeTarget;
			buildConfigurationList = F221D63D2BAB4B1E0085975C /* Build configuration list for PBXNativeTarget "ToDo App CloudKit" */;
			buildPhases = (
				F221D62B2BAB4B1D0085975C /* Sources */,
				F221D62C2BAB4B1D0085975C /* Frameworks */,
				F221D62D2BAB4B1D0085975C /* Resources */,
			);
			buildRules = (
			);
			dependencies = (
			);
			name = "ToDo App CloudKit";
			productName = "ToDo App CloudKit";
			productReference = F221D62F2BAB4B1D0085975C /* ToDo App CloudKit.app */;
			productType = "com.apple.product-type.application";
		};
/* End PBXNativeTarget section */

/* Begin PBXProject section */
		F221D6272BAB4B1D0085975C /* Project object */ = {
			isa = PBXProject;
			attributes = {
				BuildIndependentTargetsInParallel = 1;
				LastSwiftUpdateCheck = 1530;
				LastUpgradeCheck = 1530;
				TargetAttributes = {
					F221D62E2BAB4B1D0085975C = {
						CreatedOnToolsVersion = 15.3;
					};
				};
			};
			buildConfigurationList = F221D62A2BAB4B1D0085975C /* Build configuration list for PBXProject "ToDo App CloudKit" */;
			compatibilityVersion = "Xcode 14.0";
			developmentRegion = en;
			hasScannedForEncodings = 0;
			knownRegions = (
				en,
				Base,
			);
			mainGroup = F221D6262BAB4B1D0085975C;
			productRefGroup = F221D6302BAB4B1D0085975C /* Products */;
			projectDirPath = "";
			projectRoot = "";
			targets = (
				F221D62E2BAB4B1D0085975C /* ToDo App CloudKit */,
			);
		};
/* End PBXProject section */

/* Begin PBXResourcesBuildPhase section */
		F221D62D2BAB4B1D0085975C /* Resources */ = {
			isa = PBXResourcesBuildPhase;
			buildActionMask = 2147483647;
			files = (
				F221D63A2BAB4B1E0085975C /* Preview Assets.xcassets in Resources */,
				F221D6372BAB4B1E0085975C /* Assets.xcassets in Resources */,
			);
			runOnlyForDeploymentPostprocessing = 0;
		};
/* End PBXResourcesBuildPhase section */

/* Begin PBXSourcesBuildPhase section */
		F221D62B2BAB4B1D0085975C /* Sources */ = {
			isa = PBXSourcesBuildPhase;
			buildActionMask = 2147483647;
			files = (
				F2508A2C2BCC9CED009B23FC /* TaskItemView.swift in Sources */,
				F221D6462BAB562A0085975C /* TodoListScreen.swift in Sources */,
				F221D6432BAB4DCF0085975C /* TaskItem.swift in Sources */,
				F2BC1AE72BBDE25500642B9B /* TaskListView.swift in Sources */,
				F221D6332BAB4B1D0085975C /* ToDoCloudKitApp.swift in Sources */,
				F221D6482BAB5A290085975C /* Model.swift in Sources */,
			);
			runOnlyForDeploymentPostprocessing = 0;
		};
/* End PBXSourcesBuildPhase section */

/* Begin XCBuildConfiguration section */
		F221D63B2BAB4B1E0085975C /* Debug */ = {
			isa = XCBuildConfiguration;
			buildSettings = {
				ALWAYS_SEARCH_USER_PATHS = NO;
				ASSETCATALOG_COMPILER_GENERATE_SWIFT_ASSET_SYMBOL_EXTENSIONS = YES;
				CLANG_ANALYZER_NONNULL = YES;
				CLANG_ANALYZER_NUMBER_OBJECT_CONVERSION = YES_AGGRESSIVE;
				CLANG_CXX_LANGUAGE_STANDARD = "gnu++20";
				CLANG_ENABLE_MODULES = YES;
				CLANG_ENABLE_OBJC_ARC = YES;
				CLANG_ENABLE_OBJC_WEAK = YES;
				CLANG_WARN_BLOCK_CAPTURE_AUTORELEASING = YES;
				CLANG_WARN_BOOL_CONVERSION = YES;
				CLANG_WARN_COMMA = YES;
				CLANG_WARN_CONSTANT_CONVERSION = YES;
				CLANG_WARN_DEPRECATED_OBJC_IMPLEMENTATIONS = YES;
				CLANG_WARN_DIRECT_OBJC_ISA_USAGE = YES_ERROR;
				CLANG_WARN_DOCUMENTATION_COMMENTS = YES;
				CLANG_WARN_EMPTY_BODY = YES;
				CLANG_WARN_ENUM_CONVERSION = YES;
				CLANG_WARN_INFINITE_RECURSION = YES;
				CLANG_WARN_INT_CONVERSION = YES;
				CLANG_WARN_NON_LITERAL_NULL_CONVERSION = YES;
				CLANG_WARN_OBJC_IMPLICIT_RETAIN_SELF = YES;
				CLANG_WARN_OBJC_LITERAL_CONVERSION = YES;
				CLANG_WARN_OBJC_ROOT_CLASS = YES_ERROR;
				CLANG_WARN_QUOTED_INCLUDE_IN_FRAMEWORK_HEADER = YES;
				CLANG_WARN_RANGE_LOOP_ANALYSIS = YES;
				CLANG_WARN_STRICT_PROTOTYPES = YES;
				CLANG_WARN_SUSPICIOUS_MOVE = YES;
				CLANG_WARN_UNGUARDED_AVAILABILITY = YES_AGGRESSIVE;
				CLANG_WARN_UNREACHABLE_CODE = YES;
				CLANG_WARN__DUPLICATE_METHOD_MATCH = YES;
				COPY_PHASE_STRIP = NO;
				DEBUG_INFORMATION_FORMAT = dwarf;
				ENABLE_STRICT_OBJC_MSGSEND = YES;
				ENABLE_TESTABILITY = YES;
				ENABLE_USER_SCRIPT_SANDBOXING = YES;
				GCC_C_LANGUAGE_STANDARD = gnu17;
				GCC_DYNAMIC_NO_PIC = NO;
				GCC_NO_COMMON_BLOCKS = YES;
				GCC_OPTIMIZATION_LEVEL = 0;
				GCC_PREPROCESSOR_DEFINITIONS = (
					"DEBUG=1",
					"$(inherited)",
				);
				GCC_WARN_64_TO_32_BIT_CONVERSION = YES;
				GCC_WARN_ABOUT_RETURN_TYPE = YES_ERROR;
				GCC_WARN_UNDECLARED_SELECTOR = YES;
				GCC_WARN_UNINITIALIZED_AUTOS = YES_AGGRESSIVE;
				GCC_WARN_UNUSED_FUNCTION = YES;
				GCC_WARN_UNUSED_VARIABLE = YES;
				IPHONEOS_DEPLOYMENT_TARGET = 17.4;
				LOCALIZATION_PREFERS_STRING_CATALOGS = YES;
				MTL_ENABLE_DEBUG_INFO = INCLUDE_SOURCE;
				MTL_FAST_MATH = YES;
				ONLY_ACTIVE_ARCH = YES;
				SDKROOT = iphoneos;
				SWIFT_ACTIVE_COMPILATION_CONDITIONS = "DEBUG $(inherited)";
				SWIFT_OPTIMIZATION_LEVEL = "-Onone";
			};
			name = Debug;
		};
		F221D63C2BAB4B1E0085975C /* Release */ = {
			isa = XCBuildConfiguration;
			buildSettings = {
				ALWAYS_SEARCH_USER_PATHS = NO;
				ASSETCATALOG_COMPILER_GENERATE_SWIFT_ASSET_SYMBOL_EXTENSIONS = YES;
				CLANG_ANALYZER_NONNULL = YES;
				CLANG_ANALYZER_NUMBER_OBJECT_CONVERSION = YES_AGGRESSIVE;
				CLANG_CXX_LANGUAGE_STANDARD = "gnu++20";
				CLANG_ENABLE_MODULES = YES;
				CLANG_ENABLE_OBJC_ARC = YES;
				CLANG_ENABLE_OBJC_WEAK = YES;
				CLANG_WARN_BLOCK_CAPTURE_AUTORELEASING = YES;
				CLANG_WARN_BOOL_CONVERSION = YES;
				CLANG_WARN_COMMA = YES;
				CLANG_WARN_CONSTANT_CONVERSION = YES;
				CLANG_WARN_DEPRECATED_OBJC_IMPLEMENTATIONS = YES;
				CLANG_WARN_DIRECT_OBJC_ISA_USAGE = YES_ERROR;
				CLANG_WARN_DOCUMENTATION_COMMENTS = YES;
				CLANG_WARN_EMPTY_BODY = YES;
				CLANG_WARN_ENUM_CONVERSION = YES;
				CLANG_WARN_INFINITE_RECURSION = YES;
				CLANG_WARN_INT_CONVERSION = YES;
				CLANG_WARN_NON_LITERAL_NULL_CONVERSION = YES;
				CLANG_WARN_OBJC_IMPLICIT_RETAIN_SELF = YES;
				CLANG_WARN_OBJC_LITERAL_CONVERSION = YES;
				CLANG_WARN_OBJC_ROOT_CLASS = YES_ERROR;
				CLANG_WARN_QUOTED_INCLUDE_IN_FRAMEWORK_HEADER = YES;
				CLANG_WARN_RANGE_LOOP_ANALYSIS = YES;
				CLANG_WARN_STRICT_PROTOTYPES = YES;
				CLANG_WARN_SUSPICIOUS_MOVE = YES;
				CLANG_WARN_UNGUARDED_AVAILABILITY = YES_AGGRESSIVE;
				CLANG_WARN_UNREACHABLE_CODE = YES;
				CLANG_WARN__DUPLICATE_METHOD_MATCH = YES;
				COPY_PHASE_STRIP = NO;
				DEBUG_INFORMATION_FORMAT = "dwarf-with-dsym";
				ENABLE_NS_ASSERTIONS = NO;
				ENABLE_STRICT_OBJC_MSGSEND = YES;
				ENABLE_USER_SCRIPT_SANDBOXING = YES;
				GCC_C_LANGUAGE_STANDARD = gnu17;
				GCC_NO_COMMON_BLOCKS = YES;
				GCC_WARN_64_TO_32_BIT_CONVERSION = YES;
				GCC_WARN_ABOUT_RETURN_TYPE = YES_ERROR;
				GCC_WARN_UNDECLARED_SELECTOR = YES;
				GCC_WARN_UNINITIALIZED_AUTOS = YES_AGGRESSIVE;
				GCC_WARN_UNUSED_FUNCTION = YES;
				GCC_WARN_UNUSED_VARIABLE = YES;
				IPHONEOS_DEPLOYMENT_TARGET = 17.4;
				LOCALIZATION_PREFERS_STRING_CATALOGS = YES;
				MTL_ENABLE_DEBUG_INFO = NO;
				MTL_FAST_MATH = YES;
				SDKROOT = iphoneos;
				SWIFT_COMPILATION_MODE = wholemodule;
				VALIDATE_PRODUCT = YES;
			};
			name = Release;
		};
		F221D63E2BAB4B1E0085975C /* Debug */ = {
			isa = XCBuildConfiguration;
			buildSettings = {
				ASSETCATALOG_COMPILER_APPICON_NAME = AppIcon;
				ASSETCATALOG_COMPILER_GLOBAL_ACCENT_COLOR_NAME = AccentColor;
				CODE_SIGN_ENTITLEMENTS = "ToDo App CloudKit/ToDo App CloudKit.entitlements";
				CODE_SIGN_IDENTITY = "Apple Development";
				CODE_SIGN_STYLE = Automatic;
				CURRENT_PROJECT_VERSION = 1;
				DEVELOPMENT_ASSET_PATHS = "\"ToDo App CloudKit/Preview Content\"";
				DEVELOPMENT_TEAM = 8JTQ9M4J69;
				ENABLE_PREVIEWS = YES;
				GENERATE_INFOPLIST_FILE = YES;
				INFOPLIST_KEY_UIApplicationSceneManifest_Generation = YES;
				INFOPLIST_KEY_UIApplicationSupportsIndirectInputEvents = YES;
				INFOPLIST_KEY_UILaunchScreen_Generation = YES;
				INFOPLIST_KEY_UISupportedInterfaceOrientations_iPad = "UIInterfaceOrientationPortrait UIInterfaceOrientationPortraitUpsideDown UIInterfaceOrientationLandscapeLeft UIInterfaceOrientationLandscapeRight";
				INFOPLIST_KEY_UISupportedInterfaceOrientations_iPhone = "UIInterfaceOrientationPortrait UIInterfaceOrientationLandscapeLeft UIInterfaceOrientationLandscapeRight";
				LD_RUNPATH_SEARCH_PATHS = (
					"$(inherited)",
					"@executable_path/Frameworks",
				);
				MARKETING_VERSION = 1.0;
				PRODUCT_BUNDLE_IDENTIFIER = com.guilenzolari.ToDo;
				PRODUCT_NAME = "$(TARGET_NAME)";
				PROVISIONING_PROFILE_SPECIFIER = "";
				SWIFT_EMIT_LOC_STRINGS = YES;
				SWIFT_VERSION = 5.0;
				TARGETED_DEVICE_FAMILY = "1,2";
			};
			name = Debug;
		};
		F221D63F2BAB4B1E0085975C /* Release */ = {
			isa = XCBuildConfiguration;
			buildSettings = {
				ASSETCATALOG_COMPILER_APPICON_NAME = AppIcon;
				ASSETCATALOG_COMPILER_GLOBAL_ACCENT_COLOR_NAME = AccentColor;
				CODE_SIGN_ENTITLEMENTS = "ToDo App CloudKit/ToDo App CloudKit.entitlements";
				CODE_SIGN_IDENTITY = "Apple Development";
				CODE_SIGN_STYLE = Automatic;
				CURRENT_PROJECT_VERSION = 1;
				DEVELOPMENT_ASSET_PATHS = "\"ToDo App CloudKit/Preview Content\"";
				DEVELOPMENT_TEAM = 8JTQ9M4J69;
				ENABLE_PREVIEWS = YES;
				GENERATE_INFOPLIST_FILE = YES;
				INFOPLIST_KEY_UIApplicationSceneManifest_Generation = YES;
				INFOPLIST_KEY_UIApplicationSupportsIndirectInputEvents = YES;
				INFOPLIST_KEY_UILaunchScreen_Generation = YES;
				INFOPLIST_KEY_UISupportedInterfaceOrientations_iPad = "UIInterfaceOrientationPortrait UIInterfaceOrientationPortraitUpsideDown UIInterfaceOrientationLandscapeLeft UIInterfaceOrientationLandscapeRight";
				INFOPLIST_KEY_UISupportedInterfaceOrientations_iPhone = "UIInterfaceOrientationPortrait UIInterfaceOrientationLandscapeLeft UIInterfaceOrientationLandscapeRight";
				LD_RUNPATH_SEARCH_PATHS = (
					"$(inherited)",
					"@executable_path/Frameworks",
				);
				MARKETING_VERSION = 1.0;
				PRODUCT_BUNDLE_IDENTIFIER = com.guilenzolari.ToDo;
				PRODUCT_NAME = "$(TARGET_NAME)";
				PROVISIONING_PROFILE_SPECIFIER = "";
				SWIFT_EMIT_LOC_STRINGS = YES;
				SWIFT_VERSION = 5.0;
				TARGETED_DEVICE_FAMILY = "1,2";
			};
			name = Release;
		};
/* End XCBuildConfiguration section */

/* Begin XCConfigurationList section */
		F221D62A2BAB4B1D0085975C /* Build configuration list for PBXProject "ToDo App CloudKit" */ = {
			isa = XCConfigurationList;
			buildConfigurations = (
				F221D63B2BAB4B1E0085975C /* Debug */,
				F221D63C2BAB4B1E0085975C /* Release */,
			);
			defaultConfigurationIsVisible = 0;
			defaultConfigurationName = Release;
		};
		F221D63D2BAB4B1E0085975C /* Build configuration list for PBXNativeTarget "ToDo App CloudKit" */ = {
			isa = XCConfigurationList;
			buildConfigurations = (
				F221D63E2BAB4B1E0085975C /* Debug */,
				F221D63F2BAB4B1E0085975C /* Release */,
			);
			defaultConfigurationIsVisible = 0;
			defaultConfigurationName = Release;
		};
/* End XCConfigurationList section */
	};
	rootObject = F221D6272BAB4B1D0085975C /* Project object */;
}
